
Microsoft Visual Studio Solution File, Format Version 12.00
# Visual Studio 15
VisualStudioVersion = 15.0.27130.2027
MinimumVisualStudioVersion = 10.0.40219.1
Project("{FAE04EC0-301F-11D3-BF4B-00C04F79EFBC}") = "CalculateSymbols", "CalculateSymbols\CalculateSymbols.csproj", "{E7730F00-D403-4F32-ABF8-44072A2778A5}"
EndProject
Global
	GlobalSection(SolutionConfigurationPlatforms) = preSolution
		Debug|Any CPU = Debug|Any CPU
		Release|Any CPU = Release|Any CPU
	EndGlobalSection
	GlobalSection(ProjectConfigurationPlatforms) = postSolution
		{E7730F00-D403-4F32-ABF8-44072A2778A5}.Debug|Any CPU.ActiveCfg = Debug|Any CPU
		{E7730F00-D403-4F32-ABF8-44072A2778A5}.Debug|Any CPU.Build.0 = Debug|Any CPU
		{E7730F00-D403-4F32-ABF8-44072A2778A5}.Release|Any CPU.ActiveCfg = Release|Any CPU
		{E7730F00-D403-4F32-ABF8-44072A2778A5}.Release|Any CPU.Build.0 = Release|Any CPU
	EndGlobalSection
	GlobalSection(SolutionProperties) = preSolution
		HideSolutionNode = FALSE
	EndGlobalSection
	GlobalSection(ExtensibilityGlobals) = postSolution
		SolutionGuid = {CC254969-9395-44F9-BD75-D9810C3CAD5C}
	EndGlobalSection
EndGlobal
